# This file was autogenerated by Stack.
# You should not edit this file by hand.
# For more information, please see the documentation at:
#   https://docs.haskellstack.org/en/stable/lock_files

packages:
- completed:
    hackage: ecstasy-0.2.1.0@sha256:8f3d70c98de20d891f261b9047303f5bc545bcf9ddf0b2a0b17e1c29950b834b,1565
    pantry-tree:
      size: 478
      sha256: 09d0ce597c9369342a737d1c64b319a441af769201f89f7471f142508c10523d
  original:
    hackage: ecstasy-0.2.1.0@sha256:8f3d70c98de20d891f261b9047303f5bc545bcf9ddf0b2a0b17e1c29950b834b,1565
snapshots:
- completed:
    size: 499889
    url: https://raw.githubusercontent.com/commercialhaskell/stackage-snapshots/master/lts/13/26.yaml
    sha256: ecb02ee16829df8d7219e7d7fe6c310819820bf335b0b9534bce84d3ea896684
  original: lts-13.26
